
Microsoft Visual Studio Solution File, Format Version 12.00
# Visual Studio Version 17
VisualStudioVersion = 17.12.35506.116 d17.12
MinimumVisualStudioVersion = 10.0.40219.1
Project("{FAE04EC0-301F-11D3-BF4B-00C04F79EFBC}") = "Farm_Buddy_V3", "Farm_Buddy_V3.csproj", "{BFAE3961-7145-4E81-91A9-2D80730B10A0}"
EndProject
Project("{FAE04EC0-301F-11D3-BF4B-00C04F79EFBC}") = "Farm_Buddy_V2", "..\Farm Buddy\Farm Buddy V2\Farm_Buddy_V2\Farm_Buddy_V2.csproj", "{6C3364F7-7F90-4058-B122-8E47C29A3A6A}"
EndProject
Global
	GlobalSection(SolutionConfigurationPlatforms) = preSolution
		Debug|Any CPU = Debug|Any CPU
		Release|Any CPU = Release|Any CPU
	EndGlobalSection
	GlobalSection(ProjectConfigurationPlatforms) = postSolution
		{BFAE3961-7145-4E81-91A9-2D80730B10A0}.Debug|Any CPU.ActiveCfg = Debug|Any CPU
		{BFAE3961-7145-4E81-91A9-2D80730B10A0}.Debug|Any CPU.Build.0 = Debug|Any CPU
		{BFAE3961-7145-4E81-91A9-2D80730B10A0}.Release|Any CPU.ActiveCfg = Release|Any CPU
		{BFAE3961-7145-4E81-91A9-2D80730B10A0}.Release|Any CPU.Build.0 = Release|Any CPU
		{6C3364F7-7F90-4058-B122-8E47C29A3A6A}.Debug|Any CPU.ActiveCfg = Debug|Any CPU
		{6C3364F7-7F90-4058-B122-8E47C29A3A6A}.Debug|Any CPU.Build.0 = Debug|Any CPU
		{6C3364F7-7F90-4058-B122-8E47C29A3A6A}.Release|Any CPU.ActiveCfg = Release|Any CPU
		{6C3364F7-7F90-4058-B122-8E47C29A3A6A}.Release|Any CPU.Build.0 = Release|Any CPU
	EndGlobalSection
	GlobalSection(SolutionProperties) = preSolution
		HideSolutionNode = FALSE
	EndGlobalSection
EndGlobal
